Microsoft Visual Studio Solution File, Format Version 12.00
# 17
VisualStudioVersion = 17.10.35027.167
MinimumVisualStudioVersion = 10.0.40219.1
Project("{2150E333-8FDC-42A3-9474-1A3956D46DE8}") = "src", "src", "{333CF429-1638-4509-9AFC-9E13477F5A09}"
EndProject
Project("{2150E333-8FDC-42A3-9474-1A3956D46DE8}") = "Api", "Api", "{ADA29063-9664-49C8-BE6F-23E39E3605AD}"
EndProject
Project("{2150E333-8FDC-42A3-9474-1A3956D46DE8}") = "Modules", "Modules", "{A9C6BBA7-53FB-4BA0-BE29-C675AD61D43C}"
EndProject
Project("{9A19103F-16F7-4668-BE54-9A1E7A4F7556}") = "Mastery.Api", "src\Api\Mastery.Api\Mastery.Api.csproj", "{99BC1B9A-952C-488C-8ABF-50F3C94EF11E}"
EndProject
Project("{E53339B2-1760-4266-BCC7-CA923CBCF16C}") = "docker-compose", "docker-compose.dcproj", "{BD3ABF21-5041-4DBA-87AF-A29F49B75613}"
EndProject
Project("{2150E333-8FDC-42A3-9474-1A3956D46DE8}") = "Career", "Career", "{A6BD763E-8C51-43B8-B52A-6ECA45E437BE}"
EndProject
Project("{9A19103F-16F7-4668-BE54-9A1E7A4F7556}") = "Mastery.Modules.Career.Application", "src\Modules\Career\Mastery.Modules.Career.Application\Mastery.Modules.Career.Application.csproj", "{AF4EF944-4F33-435F-A5FD-144CA5F0D0C8}"
EndProject
Project("{9A19103F-16F7-4668-BE54-9A1E7A4F7556}") = "Mastery.Modules.Career.Domain", "src\Modules\Career\Mastery.Modules.Career.Domain\Mastery.Modules.Career.Domain.csproj", "{131FE4A9-5DC3-4917-A9BD-C6C5D40D55F8}"
EndProject
Project("{9A19103F-16F7-4668-BE54-9A1E7A4F7556}") = "Mastery.Modules.Career.Infrastructure", "src\Modules\Career\Mastery.Modules.Career.Infrastructure\Mastery.Modules.Career.Infrastructure.csproj", "{9BD11984-BCA7-42A3-A5D5-B6E6BCB76A0D}"
EndProject
Project("{9A19103F-16F7-4668-BE54-9A1E7A4F7556}") = "Mastery.Modules.Career.Presentation", "src\Modules\Career\Mastery.Modules.Career.Presentation\Mastery.Modules.Career.Presentation.csproj", "{ECECE3B6-AD76-42D8-8330-621FB1215BFE}"
EndProject
Project("{2150E333-8FDC-42A3-9474-1A3956D46DE8}") = "Common", "Common", "{7D867AF5-5536-449E-9DB9-CB8FF5305D43}"
EndProject
Project("{9A19103F-16F7-4668-BE54-9A1E7A4F7556}") = "Mastery.Common.Application", "src\Common\Mastery.Common.Application\Mastery.Common.Application.csproj", "{049F644D-A9D4-4749-A267-69A69C2988EC}"
EndProject
Project("{9A19103F-16F7-4668-BE54-9A1E7A4F7556}") = "Mastery.Common.Domain", "src\Common\Mastery.Common.Domain\Mastery.Common.Domain.csproj", "{67A3761F-EC28-4EDF-AFB3-C2C92D804D79}"
EndProject
Project("{9A19103F-16F7-4668-BE54-9A1E7A4F7556}") = "Mastery.Common.Infrastructure", "src\Common\Mastery.Common.Infrastructure\Mastery.Common.Infrastructure.csproj", "{10DB78AB-2A56-49E5-B6D2-107CE1EEA38A}"
EndProject
Project("{9A19103F-16F7-4668-BE54-9A1E7A4F7556}") = "Mastery.Common.Presentation", "src\Common\Mastery.Common.Presentation\Mastery.Common.Presentation.csproj", "{597E9B4D-30FB-4C14-BF9B-C2FFBB36AE4F}"
EndProject
Project("{2150E333-8FDC-42A3-9474-1A3956D46DE8}") = "Identity", "Identity", "{013B4517-CC27-494F-8EB1-135C9018E7A8}"
EndProject
Project("{9A19103F-16F7-4668-BE54-9A1E7A4F7556}") = "Mastery.Modules.Identity.Application", "src\Modules\Identity\Mastery.Modules.Identity.Application\Mastery.Modules.Identity.Application.csproj", "{9010A4D5-821D-4946-8596-C9DE594CC3B9}"
EndProject
Project("{9A19103F-16F7-4668-BE54-9A1E7A4F7556}") = "Mastery.Modules.Identity.Domain", "src\Modules\Identity\Mastery.Modules.Identity.Domain\Mastery.Modules.Identity.Domain.csproj", "{6425E840-8744-440C-8F1E-C58E44091912}"
EndProject
Project("{9A19103F-16F7-4668-BE54-9A1E7A4F7556}") = "Mastery.Modules.Identity.Infrastructure", "src\Modules\Identity\Mastery.Modules.Identity.Infrastructure\Mastery.Modules.Identity.Infrastructure.csproj", "{2BDB577E-77BD-4176-A9A1-14C5E1ADEFB9}"
EndProject
Project("{9A19103F-16F7-4668-BE54-9A1E7A4F7556}") = "Mastery.Modules.Identity.Presentation", "src\Modules\Identity\Mastery.Modules.Identity.Presentation\Mastery.Modules.Identity.Presentation.csproj", "{1961C7A1-E188-4BF6-A38F-F50C610F191F}"
EndProject
Project("{2150E333-8FDC-42A3-9474-1A3956D46DE8}") = "Solution Items", "Solution Items", "{DC5D42A0-75B0-4C1C-B435-2BE7E1DD9A4E}"
	ProjectSection(SolutionItems) = preProject
		Directory.Build.props = Directory.Build.props
	EndProjectSection
EndProject
Global
	GlobalSection(SolutionConfigurationPlatforms) = preSolution
		Debug|Any CPU = Debug|Any CPU
		Release|Any CPU = Release|Any CPU
	EndGlobalSection
	GlobalSection(ProjectConfigurationPlatforms) = postSolution
		{99BC1B9A-952C-488C-8ABF-50F3C94EF11E}.Debug|Any CPU.ActiveCfg = Debug|Any CPU
		{99BC1B9A-952C-488C-8ABF-50F3C94EF11E}.Debug|Any CPU.Build.0 = Debug|Any CPU
		{99BC1B9A-952C-488C-8ABF-50F3C94EF11E}.Release|Any CPU.ActiveCfg = Release|Any CPU
		{99BC1B9A-952C-488C-8ABF-50F3C94EF11E}.Release|Any CPU.Build.0 = Release|Any CPU
		{BD3ABF21-5041-4DBA-87AF-A29F49B75613}.Debug|Any CPU.ActiveCfg = Debug|Any CPU
		{BD3ABF21-5041-4DBA-87AF-A29F49B75613}.Debug|Any CPU.Build.0 = Debug|Any CPU
		{BD3ABF21-5041-4DBA-87AF-A29F49B75613}.Release|Any CPU.ActiveCfg = Release|Any CPU
		{BD3ABF21-5041-4DBA-87AF-A29F49B75613}.Release|Any CPU.Build.0 = Release|Any CPU
		{AF4EF944-4F33-435F-A5FD-144CA5F0D0C8}.Debug|Any CPU.ActiveCfg = Debug|Any CPU
		{AF4EF944-4F33-435F-A5FD-144CA5F0D0C8}.Debug|Any CPU.Build.0 = Debug|Any CPU
		{AF4EF944-4F33-435F-A5FD-144CA5F0D0C8}.Release|Any CPU.ActiveCfg = Release|Any CPU
		{AF4EF944-4F33-435F-A5FD-144CA5F0D0C8}.Release|Any CPU.Build.0 = Release|Any CPU
		{131FE4A9-5DC3-4917-A9BD-C6C5D40D55F8}.Debug|Any CPU.ActiveCfg = Debug|Any CPU
		{131FE4A9-5DC3-4917-A9BD-C6C5D40D55F8}.Debug|Any CPU.Build.0 = Debug|Any CPU
		{131FE4A9-5DC3-4917-A9BD-C6C5D40D55F8}.Release|Any CPU.ActiveCfg = Release|Any CPU
		{131FE4A9-5DC3-4917-A9BD-C6C5D40D55F8}.Release|Any CPU.Build.0 = Release|Any CPU
		{9BD11984-BCA7-42A3-A5D5-B6E6BCB76A0D}.Debug|Any CPU.ActiveCfg = Debug|Any CPU
		{9BD11984-BCA7-42A3-A5D5-B6E6BCB76A0D}.Debug|Any CPU.Build.0 = Debug|Any CPU
		{9BD11984-BCA7-42A3-A5D5-B6E6BCB76A0D}.Release|Any CPU.ActiveCfg = Release|Any CPU
		{9BD11984-BCA7-42A3-A5D5-B6E6BCB76A0D}.Release|Any CPU.Build.0 = Release|Any CPU
		{ECECE3B6-AD76-42D8-8330-621FB1215BFE}.Debug|Any CPU.ActiveCfg = Debug|Any CPU
		{ECECE3B6-AD76-42D8-8330-621FB1215BFE}.Debug|Any CPU.Build.0 = Debug|Any CPU
		{ECECE3B6-AD76-42D8-8330-621FB1215BFE}.Release|Any CPU.ActiveCfg = Release|Any CPU
		{ECECE3B6-AD76-42D8-8330-621FB1215BFE}.Release|Any CPU.Build.0 = Release|Any CPU
		{049F644D-A9D4-4749-A267-69A69C2988EC}.Debug|Any CPU.ActiveCfg = Debug|Any CPU
		{049F644D-A9D4-4749-A267-69A69C2988EC}.Debug|Any CPU.Build.0 = Debug|Any CPU
		{049F644D-A9D4-4749-A267-69A69C2988EC}.Release|Any CPU.ActiveCfg = Release|Any CPU
		{049F644D-A9D4-4749-A267-69A69C2988EC}.Release|Any CPU.Build.0 = Release|Any CPU
		{67A3761F-EC28-4EDF-AFB3-C2C92D804D79}.Debug|Any CPU.ActiveCfg = Debug|Any CPU
		{67A3761F-EC28-4EDF-AFB3-C2C92D804D79}.Debug|Any CPU.Build.0 = Debug|Any CPU
		{67A3761F-EC28-4EDF-AFB3-C2C92D804D79}.Release|Any CPU.ActiveCfg = Release|Any CPU
		{67A3761F-EC28-4EDF-AFB3-C2C92D804D79}.Release|Any CPU.Build.0 = Release|Any CPU
		{10DB78AB-2A56-49E5-B6D2-107CE1EEA38A}.Debug|Any CPU.ActiveCfg = Debug|Any CPU
		{10DB78AB-2A56-49E5-B6D2-107CE1EEA38A}.Debug|Any CPU.Build.0 = Debug|Any CPU
		{10DB78AB-2A56-49E5-B6D2-107CE1EEA38A}.Release|Any CPU.ActiveCfg = Release|Any CPU
		{10DB78AB-2A56-49E5-B6D2-107CE1EEA38A}.Release|Any CPU.Build.0 = Release|Any CPU
		{597E9B4D-30FB-4C14-BF9B-C2FFBB36AE4F}.Debug|Any CPU.ActiveCfg = Debug|Any CPU
		{597E9B4D-30FB-4C14-BF9B-C2FFBB36AE4F}.Debug|Any CPU.Build.0 = Debug|Any CPU
		{597E9B4D-30FB-4C14-BF9B-C2FFBB36AE4F}.Release|Any CPU.ActiveCfg = Release|Any CPU
		{597E9B4D-30FB-4C14-BF9B-C2FFBB36AE4F}.Release|Any CPU.Build.0 = Release|Any CPU
		{9010A4D5-821D-4946-8596-C9DE594CC3B9}.Debug|Any CPU.ActiveCfg = Debug|Any CPU
		{9010A4D5-821D-4946-8596-C9DE594CC3B9}.Debug|Any CPU.Build.0 = Debug|Any CPU
		{9010A4D5-821D-4946-8596-C9DE594CC3B9}.Release|Any CPU.ActiveCfg = Release|Any CPU
		{9010A4D5-821D-4946-8596-C9DE594CC3B9}.Release|Any CPU.Build.0 = Release|Any CPU
		{6425E840-8744-440C-8F1E-C58E44091912}.Debug|Any CPU.ActiveCfg = Debug|Any CPU
		{6425E840-8744-440C-8F1E-C58E44091912}.Debug|Any CPU.Build.0 = Debug|Any CPU
		{6425E840-8744-440C-8F1E-C58E44091912}.Release|Any CPU.ActiveCfg = Release|Any CPU
		{6425E840-8744-440C-8F1E-C58E44091912}.Release|Any CPU.Build.0 = Release|Any CPU
		{2BDB577E-77BD-4176-A9A1-14C5E1ADEFB9}.Debug|Any CPU.ActiveCfg = Debug|Any CPU
		{2BDB577E-77BD-4176-A9A1-14C5E1ADEFB9}.Debug|Any CPU.Build.0 = Debug|Any CPU
		{2BDB577E-77BD-4176-A9A1-14C5E1ADEFB9}.Release|Any CPU.ActiveCfg = Release|Any CPU
		{2BDB577E-77BD-4176-A9A1-14C5E1ADEFB9}.Release|Any CPU.Build.0 = Release|Any CPU
		{1961C7A1-E188-4BF6-A38F-F50C610F191F}.Debug|Any CPU.ActiveCfg = Debug|Any CPU
		{1961C7A1-E188-4BF6-A38F-F50C610F191F}.Debug|Any CPU.Build.0 = Debug|Any CPU
		{1961C7A1-E188-4BF6-A38F-F50C610F191F}.Release|Any CPU.ActiveCfg = Release|Any CPU
		{1961C7A1-E188-4BF6-A38F-F50C610F191F}.Release|Any CPU.Build.0 = Release|Any CPU
	EndGlobalSection
	GlobalSection(SolutionProperties) = preSolution
		HideSolutionNode = FALSE
	EndGlobalSection
	GlobalSection(NestedProjects) = preSolution
		{ADA29063-9664-49C8-BE6F-23E39E3605AD} = {333CF429-1638-4509-9AFC-9E13477F5A09}
		{A9C6BBA7-53FB-4BA0-BE29-C675AD61D43C} = {333CF429-1638-4509-9AFC-9E13477F5A09}
		{99BC1B9A-952C-488C-8ABF-50F3C94EF11E} = {ADA29063-9664-49C8-BE6F-23E39E3605AD}
		{A6BD763E-8C51-43B8-B52A-6ECA45E437BE} = {A9C6BBA7-53FB-4BA0-BE29-C675AD61D43C}
		{AF4EF944-4F33-435F-A5FD-144CA5F0D0C8} = {A6BD763E-8C51-43B8-B52A-6ECA45E437BE}
		{131FE4A9-5DC3-4917-A9BD-C6C5D40D55F8} = {A6BD763E-8C51-43B8-B52A-6ECA45E437BE}
		{9BD11984-BCA7-42A3-A5D5-B6E6BCB76A0D} = {A6BD763E-8C51-43B8-B52A-6ECA45E437BE}
		{ECECE3B6-AD76-42D8-8330-621FB1215BFE} = {A6BD763E-8C51-43B8-B52A-6ECA45E437BE}
		{7D867AF5-5536-449E-9DB9-CB8FF5305D43} = {333CF429-1638-4509-9AFC-9E13477F5A09}
		{049F644D-A9D4-4749-A267-69A69C2988EC} = {7D867AF5-5536-449E-9DB9-CB8FF5305D43}
		{67A3761F-EC28-4EDF-AFB3-C2C92D804D79} = {7D867AF5-5536-449E-9DB9-CB8FF5305D43}
		{10DB78AB-2A56-49E5-B6D2-107CE1EEA38A} = {7D867AF5-5536-449E-9DB9-CB8FF5305D43}
		{597E9B4D-30FB-4C14-BF9B-C2FFBB36AE4F} = {7D867AF5-5536-449E-9DB9-CB8FF5305D43}
		{013B4517-CC27-494F-8EB1-135C9018E7A8} = {A9C6BBA7-53FB-4BA0-BE29-C675AD61D43C}
		{9010A4D5-821D-4946-8596-C9DE594CC3B9} = {013B4517-CC27-494F-8EB1-135C9018E7A8}
		{6425E840-8744-440C-8F1E-C58E44091912} = {013B4517-CC27-494F-8EB1-135C9018E7A8}
		{2BDB577E-77BD-4176-A9A1-14C5E1ADEFB9} = {013B4517-CC27-494F-8EB1-135C9018E7A8}
		{1961C7A1-E188-4BF6-A38F-F50C610F191F} = {013B4517-CC27-494F-8EB1-135C9018E7A8}
	EndGlobalSection
	GlobalSection(ExtensibilityGlobals) = postSolution
		SolutionGuid = {2D987108-DA24-4540-B699-632A906CCF23}
	EndGlobalSection
EndGlobal
