
Microsoft Visual Studio Solution File, Format Version 12.00
# Visual Studio Version 17
VisualStudioVersion = 17.10.35027.167
MinimumVisualStudioVersion = 10.0.40219.1
Project("{2150E333-8FDC-42A3-9474-1A3956D46DE8}") = "src", "src", "{3EAC8B25-6985-4A2E-8917-7549DA02D7F0}"
EndProject
Project("{2150E333-8FDC-42A3-9474-1A3956D46DE8}") = "test", "test", "{E0B050F1-FF4E-4562-961A-04174C99541B}"
EndProject
Project("{9A19103F-16F7-4668-BE54-9A1E7A4F7556}") = "Mastery.Career.Domain", "src\Mastery.Career.Domain\Mastery.Career.Domain.csproj", "{93001B46-F552-4463-98A7-1B6C1B053AF9}"
EndProject
Project("{9A19103F-16F7-4668-BE54-9A1E7A4F7556}") = "Mastery.Career.Application", "src\Mastery.Career.Application\Mastery.Career.Application.csproj", "{A49F1B3B-8D16-448B-9FF4-42B742EFD791}"
EndProject
Project("{FAE04EC0-301F-11D3-BF4B-00C04F79EFBC}") = "Mastery.Career.Infrastructure", "src\Mastery.Career.Infrastructure\Mastery.Career.Infrastructure.csproj", "{2FC414B3-0BD1-4512-90E1-776E380ACFA2}"
EndProject
Global
	GlobalSection(SolutionConfigurationPlatforms) = preSolution
		Debug|Any CPU = Debug|Any CPU
		Release|Any CPU = Release|Any CPU
	EndGlobalSection
	GlobalSection(ProjectConfigurationPlatforms) = postSolution
		{93001B46-F552-4463-98A7-1B6C1B053AF9}.Debug|Any CPU.ActiveCfg = Debug|Any CPU
		{93001B46-F552-4463-98A7-1B6C1B053AF9}.Debug|Any CPU.Build.0 = Debug|Any CPU
		{93001B46-F552-4463-98A7-1B6C1B053AF9}.Release|Any CPU.ActiveCfg = Release|Any CPU
		{93001B46-F552-4463-98A7-1B6C1B053AF9}.Release|Any CPU.Build.0 = Release|Any CPU
		{A49F1B3B-8D16-448B-9FF4-42B742EFD791}.Debug|Any CPU.ActiveCfg = Debug|Any CPU
		{A49F1B3B-8D16-448B-9FF4-42B742EFD791}.Debug|Any CPU.Build.0 = Debug|Any CPU
		{A49F1B3B-8D16-448B-9FF4-42B742EFD791}.Release|Any CPU.ActiveCfg = Release|Any CPU
		{A49F1B3B-8D16-448B-9FF4-42B742EFD791}.Release|Any CPU.Build.0 = Release|Any CPU
		{2FC414B3-0BD1-4512-90E1-776E380ACFA2}.Debug|Any CPU.ActiveCfg = Debug|Any CPU
		{2FC414B3-0BD1-4512-90E1-776E380ACFA2}.Debug|Any CPU.Build.0 = Debug|Any CPU
		{2FC414B3-0BD1-4512-90E1-776E380ACFA2}.Release|Any CPU.ActiveCfg = Release|Any CPU
		{2FC414B3-0BD1-4512-90E1-776E380ACFA2}.Release|Any CPU.Build.0 = Release|Any CPU
	EndGlobalSection
	GlobalSection(SolutionProperties) = preSolution
		HideSolutionNode = FALSE
	EndGlobalSection
	GlobalSection(NestedProjects) = preSolution
		{93001B46-F552-4463-98A7-1B6C1B053AF9} = {3EAC8B25-6985-4A2E-8917-7549DA02D7F0}
		{A49F1B3B-8D16-448B-9FF4-42B742EFD791} = {3EAC8B25-6985-4A2E-8917-7549DA02D7F0}
		{2FC414B3-0BD1-4512-90E1-776E380ACFA2} = {3EAC8B25-6985-4A2E-8917-7549DA02D7F0}
	EndGlobalSection
	GlobalSection(ExtensibilityGlobals) = postSolution
		SolutionGuid = {1A989D4B-B2B7-4998-9100-E5E964D42BA4}
	EndGlobalSection
EndGlobal
